// !$*UTF8*$!
{
	archiveVersion = 1;
	classes = {
	};
	objectVersion = 56;
	objects = {

/* Begin PBXBuildFile section */
		8115F689298D29EF001EC4B5 /* HomeViewController.swift in Sources */ = {isa = PBXBuildFile; fileRef = 81CF93A2298C1C290073B3CF /* HomeViewController.swift */; };
		8115F68C298D2A8F001EC4B5 /* StoryboardHandler.swift in Sources */ = {isa = PBXBuildFile; fileRef = 8115F68B298D2A8F001EC4B5 /* StoryboardHandler.swift */; };
		8115F68F298D323B001EC4B5 /* DrawingView.swift in Sources */ = {isa = PBXBuildFile; fileRef = 8115F68E298D323B001EC4B5 /* DrawingView.swift */; };
		8115F691298D3256001EC4B5 /* UIView+Constraints.swift in Sources */ = {isa = PBXBuildFile; fileRef = 8115F690298D3256001EC4B5 /* UIView+Constraints.swift */; };
		81CF939F298C1C290073B3CF /* AppDelegate.swift in Sources */ = {isa = PBXBuildFile; fileRef = 81CF939E298C1C290073B3CF /* AppDelegate.swift */; };
		81CF93A1298C1C290073B3CF /* SceneDelegate.swift in Sources */ = {isa = PBXBuildFile; fileRef = 81CF93A0298C1C290073B3CF /* SceneDelegate.swift */; };
		81CF93A6298C1C290073B3CF /* Main.storyboard in Resources */ = {isa = PBXBuildFile; fileRef = 81CF93A4298C1C290073B3CF /* Main.storyboard */; };
		81CF93A8298C1C2A0073B3CF /* Assets.xcassets in Resources */ = {isa = PBXBuildFile; fileRef = 81CF93A7298C1C2A0073B3CF /* Assets.xcassets */; };
		81CF93AB298C1C2A0073B3CF /* LaunchScreen.storyboard in Resources */ = {isa = PBXBuildFile; fileRef = 81CF93A9298C1C2A0073B3CF /* LaunchScreen.storyboard */; };
		81CF93B6298C1D140073B3CF /* EditViewController.swift in Sources */ = {isa = PBXBuildFile; fileRef = 81CF93B5298C1D140073B3CF /* EditViewController.swift */; };
/* End PBXBuildFile section */

/* Begin PBXFileReference section */
		8115F68B298D2A8F001EC4B5 /* StoryboardHandler.swift */ = {isa = PBXFileReference; lastKnownFileType = sourcecode.swift; path = StoryboardHandler.swift; sourceTree = "<group>"; };
		8115F68E298D323B001EC4B5 /* DrawingView.swift */ = {isa = PBXFileReference; fileEncoding = 4; lastKnownFileType = sourcecode.swift; path = DrawingView.swift; sourceTree = "<group>"; };
		8115F690298D3256001EC4B5 /* UIView+Constraints.swift */ = {isa = PBXFileReference; fileEncoding = 4; lastKnownFileType = sourcecode.swift; path = "UIView+Constraints.swift"; sourceTree = "<group>"; };
		81CF939B298C1C290073B3CF /* Image Markup App.app */ = {isa = PBXFileReference; explicitFileType = wrapper.application; includeInIndex = 0; path = "Image Markup App.app"; sourceTree = BUILT_PRODUCTS_DIR; };
		81CF939E298C1C290073B3CF /* AppDelegate.swift */ = {isa = PBXFileReference; lastKnownFileType = sourcecode.swift; path = AppDelegate.swift; sourceTree = "<group>"; };
		81CF93A0298C1C290073B3CF /* SceneDelegate.swift */ = {isa = PBXFileReference; lastKnownFileType = sourcecode.swift; path = SceneDelegate.swift; sourceTree = "<group>"; };
		81CF93A2298C1C290073B3CF /* HomeViewController.swift */ = {isa = PBXFileReference; lastKnownFileType = sourcecode.swift; path = HomeViewController.swift; sourceTree = "<group>"; };
		81CF93A5298C1C290073B3CF /* Base */ = {isa = PBXFileReference; lastKnownFileType = file.storyboard; name = Base; path = Base.lproj/Main.storyboard; sourceTree = "<group>"; };
		81CF93A7298C1C2A0073B3CF /* Assets.xcassets */ = {isa = PBXFileReference; lastKnownFileType = folder.assetcatalog; path = Assets.xcassets; sourceTree = "<group>"; };
		81CF93AA298C1C2A0073B3CF /* Base */ = {isa = PBXFileReference; lastKnownFileType = file.storyboard; name = Base; path = Base.lproj/LaunchScreen.storyboard; sourceTree = "<group>"; };
		81CF93AC298C1C2A0073B3CF /* Info.plist */ = {isa = PBXFileReference; lastKnownFileType = text.plist.xml; path = Info.plist; sourceTree = "<group>"; };
		81CF93B5298C1D140073B3CF /* EditViewController.swift */ = {isa = PBXFileReference; lastKnownFileType = sourcecode.swift; path = EditViewController.swift; sourceTree = "<group>"; };
/* End PBXFileReference section */

/* Begin PBXFrameworksBuildPhase section */
		81CF9398298C1C290073B3CF /* Frameworks */ = {
			isa = PBXFrameworksBuildPhase;
			buildActionMask = 2147483647;
			files = (
			);
			runOnlyForDeploymentPostprocessing = 0;
		};
/* End PBXFrameworksBuildPhase section */

/* Begin PBXGroup section */
		8115F687298D2962001EC4B5 /* Home */ = {
			isa = PBXGroup;
			children = (
				81CF93A2298C1C290073B3CF /* HomeViewController.swift */,
			);
			path = Home;
			sourceTree = "<group>";
		};
		8115F68A298D2A82001EC4B5 /* Helper */ = {
			isa = PBXGroup;
			children = (
				8115F690298D3256001EC4B5 /* UIView+Constraints.swift */,
				8115F68B298D2A8F001EC4B5 /* StoryboardHandler.swift */,
			);
			path = Helper;
			sourceTree = "<group>";
		};
		8115F68D298D31C4001EC4B5 /* Component */ = {
			isa = PBXGroup;
			children = (
				8115F68E298D323B001EC4B5 /* DrawingView.swift */,
			);
			path = Component;
			sourceTree = "<group>";
		};
		81CF9392298C1C290073B3CF = {
			isa = PBXGroup;
			children = (
				81CF939D298C1C290073B3CF /* Image Markup App */,
				81CF939C298C1C290073B3CF /* Products */,
			);
			sourceTree = "<group>";
		};
		81CF939C298C1C290073B3CF /* Products */ = {
			isa = PBXGroup;
			children = (
				81CF939B298C1C290073B3CF /* Image Markup App.app */,
			);
			name = Products;
			sourceTree = "<group>";
		};
		81CF939D298C1C290073B3CF /* Image Markup App */ = {
			isa = PBXGroup;
			children = (
				81CF93B3298C1CF10073B3CF /* Scene */,
				81DC34F7298D2592004570C0 /* View */,
				81DC34F8298D2597004570C0 /* Extra */,
				81CF93A7298C1C2A0073B3CF /* Assets.xcassets */,
				81CF93AC298C1C2A0073B3CF /* Info.plist */,
			);
			path = "Image Markup App";
			sourceTree = "<group>";
		};
		81CF93B3298C1CF10073B3CF /* Scene */ = {
			isa = PBXGroup;
			children = (
				8115F687298D2962001EC4B5 /* Home */,
				81CF93B4298C1CF60073B3CF /* Edit */,
			);
			path = Scene;
			sourceTree = "<group>";
		};
		81CF93B4298C1CF60073B3CF /* Edit */ = {
			isa = PBXGroup;
			children = (
				81CF93B5298C1D140073B3CF /* EditViewController.swift */,
			);
			path = Edit;
			sourceTree = "<group>";
		};
		81DC34F7298D2592004570C0 /* View */ = {
			isa = PBXGroup;
			children = (
				8115F68D298D31C4001EC4B5 /* Component */,
				81DC34F9298D25AE004570C0 /* Storyboard */,
			);
			path = View;
			sourceTree = "<group>";
		};
		81DC34F8298D2597004570C0 /* Extra */ = {
			isa = PBXGroup;
			children = (
				8115F68A298D2A82001EC4B5 /* Helper */,
				81CF939E298C1C290073B3CF /* AppDelegate.swift */,
				81CF93A0298C1C290073B3CF /* SceneDelegate.swift */,
			);
			path = Extra;
			sourceTree = "<group>";
		};
		81DC34F9298D25AE004570C0 /* Storyboard */ = {
			isa = PBXGroup;
			children = (
				81CF93A4298C1C290073B3CF /* Main.storyboard */,
				81CF93A9298C1C2A0073B3CF /* LaunchScreen.storyboard */,
			);
			path = Storyboard;
			sourceTree = "<group>";
		};
/* End PBXGroup section */

/* Begin PBXNativeTarget section */
		81CF939A298C1C290073B3CF /* Image Markup App */ = {
			isa = PBXNativeTarget;
			buildConfigurationList = 81CF93AF298C1C2A0073B3CF /* Build configuration list for PBXNativeTarget "Image Markup App" */;
			buildPhases = (
				81CF9397298C1C290073B3CF /* Sources */,
				81CF9398298C1C290073B3CF /* Frameworks */,
				81CF9399298C1C290073B3CF /* Resources */,
			);
			buildRules = (
			);
			dependencies = (
			);
			name = "Image Markup App";
			productName = "Image Markup App";
			productReference = 81CF939B298C1C290073B3CF /* Image Markup App.app */;
			productType = "com.apple.product-type.application";
		};
/* End PBXNativeTarget section */

/* Begin PBXProject section */
		81CF9393298C1C290073B3CF /* Project object */ = {
			isa = PBXProject;
			attributes = {
				BuildIndependentTargetsInParallel = 1;
				LastSwiftUpdateCheck = 1420;
				LastUpgradeCheck = 1420;
				TargetAttributes = {
					81CF939A298C1C290073B3CF = {
						CreatedOnToolsVersion = 14.2;
					};
				};
			};
			buildConfigurationList = 81CF9396298C1C290073B3CF /* Build configuration list for PBXProject "Image Markup App" */;
			compatibilityVersion = "Xcode 14.0";
			developmentRegion = en;
			hasScannedForEncodings = 0;
			knownRegions = (
				en,
				Base,
			);
			mainGroup = 81CF9392298C1C290073B3CF;
			productRefGroup = 81CF939C298C1C290073B3CF /* Products */;
			projectDirPath = "";
			projectRoot = "";
			targets = (
				81CF939A298C1C290073B3CF /* Image Markup App */,
			);
		};
/* End PBXProject section */

/* Begin PBXResourcesBuildPhase section */
		81CF9399298C1C290073B3CF /* Resources */ = {
			isa = PBXResourcesBuildPhase;
			buildActionMask = 2147483647;
			files = (
				81CF93AB298C1C2A0073B3CF /* LaunchScreen.storyboard in Resources */,
				81CF93A8298C1C2A0073B3CF /* Assets.xcassets in Resources */,
				81CF93A6298C1C290073B3CF /* Main.storyboard in Resources */,
			);
			runOnlyForDeploymentPostprocessing = 0;
		};
/* End PBXResourcesBuildPhase section */

/* Begin PBXSourcesBuildPhase section */
		81CF9397298C1C290073B3CF /* Sources */ = {
			isa = PBXSourcesBuildPhase;
			buildActionMask = 2147483647;
			files = (
				81CF93B6298C1D140073B3CF /* EditViewController.swift in Sources */,
				8115F68C298D2A8F001EC4B5 /* StoryboardHandler.swift in Sources */,
				81CF939F298C1C290073B3CF /* AppDelegate.swift in Sources */,
				8115F691298D3256001EC4B5 /* UIView+Constraints.swift in Sources */,
				8115F68F298D323B001EC4B5 /* DrawingView.swift in Sources */,
				81CF93A1298C1C290073B3CF /* SceneDelegate.swift in Sources */,
				8115F689298D29EF001EC4B5 /* HomeViewController.swift in Sources */,
			);
			runOnlyForDeploymentPostprocessing = 0;
		};
/* End PBXSourcesBuildPhase section */

/* Begin PBXVariantGroup section */
		81CF93A4298C1C290073B3CF /* Main.storyboard */ = {
			isa = PBXVariantGroup;
			children = (
				81CF93A5298C1C290073B3CF /* Base */,
			);
			name = Main.storyboard;
			sourceTree = "<group>";
		};
		81CF93A9298C1C2A0073B3CF /* LaunchScreen.storyboard */ = {
			isa = PBXVariantGroup;
			children = (
				81CF93AA298C1C2A0073B3CF /* Base */,
			);
			name = LaunchScreen.storyboard;
			sourceTree = "<group>";
		};
/* End PBXVariantGroup section */

/* Begin XCBuildConfiguration section */
		81CF93AD298C1C2A0073B3CF /* Debug */ = {
			isa = XCBuildConfiguration;
			buildSettings = {
				ALWAYS_SEARCH_USER_PATHS = NO;
				CLANG_ANALYZER_NONNULL = YES;
				CLANG_ANALYZER_NUMBER_OBJECT_CONVERSION = YES_AGGRESSIVE;
				CLANG_CXX_LANGUAGE_STANDARD = "gnu++20";
				CLANG_ENABLE_MODULES = YES;
				CLANG_ENABLE_OBJC_ARC = YES;
				CLANG_ENABLE_OBJC_WEAK = YES;
				CLANG_WARN_BLOCK_CAPTURE_AUTORELEASING = YES;
				CLANG_WARN_BOOL_CONVERSION = YES;
				CLANG_WARN_COMMA = YES;
				CLANG_WARN_CONSTANT_CONVERSION = YES;
				CLANG_WARN_DEPRECATED_OBJC_IMPLEMENTATIONS = YES;
				CLANG_WARN_DIRECT_OBJC_ISA_USAGE = YES_ERROR;
				CLANG_WARN_DOCUMENTATION_COMMENTS = YES;
				CLANG_WARN_EMPTY_BODY = YES;
				CLANG_WARN_ENUM_CONVERSION = YES;
				CLANG_WARN_INFINITE_RECURSION = YES;
				CLANG_WARN_INT_CONVERSION = YES;
				CLANG_WARN_NON_LITERAL_NULL_CONVERSION = YES;
				CLANG_WARN_OBJC_IMPLICIT_RETAIN_SELF = YES;
				CLANG_WARN_OBJC_LITERAL_CONVERSION = YES;
				CLANG_WARN_OBJC_ROOT_CLASS = YES_ERROR;
				CLANG_WARN_QUOTED_INCLUDE_IN_FRAMEWORK_HEADER = YES;
				CLANG_WARN_RANGE_LOOP_ANALYSIS = YES;
				CLANG_WARN_STRICT_PROTOTYPES = YES;
				CLANG_WARN_SUSPICIOUS_MOVE = YES;
				CLANG_WARN_UNGUARDED_AVAILABILITY = YES_AGGRESSIVE;
				CLANG_WARN_UNREACHABLE_CODE = YES;
				CLANG_WARN__DUPLICATE_METHOD_MATCH = YES;
				COPY_PHASE_STRIP = NO;
				DEBUG_INFORMATION_FORMAT = dwarf;
				ENABLE_STRICT_OBJC_MSGSEND = YES;
				ENABLE_TESTABILITY = YES;
				GCC_C_LANGUAGE_STANDARD = gnu11;
				GCC_DYNAMIC_NO_PIC = NO;
				GCC_NO_COMMON_BLOCKS = YES;
				GCC_OPTIMIZATION_LEVEL = 0;
				GCC_PREPROCESSOR_DEFINITIONS = (
					"DEBUG=1",
					"$(inherited)",
				);
				GCC_WARN_64_TO_32_BIT_CONVERSION = YES;
				GCC_WARN_ABOUT_RETURN_TYPE = YES_ERROR;
				GCC_WARN_UNDECLARED_SELECTOR = YES;
				GCC_WARN_UNINITIALIZED_AUTOS = YES_AGGRESSIVE;
				GCC_WARN_UNUSED_FUNCTION = YES;
				GCC_WARN_UNUSED_VARIABLE = YES;
				IPHONEOS_DEPLOYMENT_TARGET = 16.2;
				MTL_ENABLE_DEBUG_INFO = INCLUDE_SOURCE;
				MTL_FAST_MATH = YES;
				ONLY_ACTIVE_ARCH = YES;
				SDKROOT = iphoneos;
				SWIFT_ACTIVE_COMPILATION_CONDITIONS = DEBUG;
				SWIFT_OPTIMIZATION_LEVEL = "-Onone";
			};
			name = Debug;
		};
		81CF93AE298C1C2A0073B3CF /* Release */ = {
			isa = XCBuildConfiguration;
			buildSettings = {
				ALWAYS_SEARCH_USER_PATHS = NO;
				CLANG_ANALYZER_NONNULL = YES;
				CLANG_ANALYZER_NUMBER_OBJECT_CONVERSION = YES_AGGRESSIVE;
				CLANG_CXX_LANGUAGE_STANDARD = "gnu++20";
				CLANG_ENABLE_MODULES = YES;
				CLANG_ENABLE_OBJC_ARC = YES;
				CLANG_ENABLE_OBJC_WEAK = YES;
				CLANG_WARN_BLOCK_CAPTURE_AUTORELEASING = YES;
				CLANG_WARN_BOOL_CONVERSION = YES;
				CLANG_WARN_COMMA = YES;
				CLANG_WARN_CONSTANT_CONVERSION = YES;
				CLANG_WARN_DEPRECATED_OBJC_IMPLEMENTATIONS = YES;
				CLANG_WARN_DIRECT_OBJC_ISA_USAGE = YES_ERROR;
				CLANG_WARN_DOCUMENTATION_COMMENTS = YES;
				CLANG_WARN_EMPTY_BODY = YES;
				CLANG_WARN_ENUM_CONVERSION = YES;
				CLANG_WARN_INFINITE_RECURSION = YES;
				CLANG_WARN_INT_CONVERSION = YES;
				CLANG_WARN_NON_LITERAL_NULL_CONVERSION = YES;
				CLANG_WARN_OBJC_IMPLICIT_RETAIN_SELF = YES;
				CLANG_WARN_OBJC_LITERAL_CONVERSION = YES;
				CLANG_WARN_OBJC_ROOT_CLASS = YES_ERROR;
				CLANG_WARN_QUOTED_INCLUDE_IN_FRAMEWORK_HEADER = YES;
				CLANG_WARN_RANGE_LOOP_ANALYSIS = YES;
				CLANG_WARN_STRICT_PROTOTYPES = YES;
				CLANG_WARN_SUSPICIOUS_MOVE = YES;
				CLANG_WARN_UNGUARDED_AVAILABILITY = YES_AGGRESSIVE;
				CLANG_WARN_UNREACHABLE_CODE = YES;
				CLANG_WARN__DUPLICATE_METHOD_MATCH = YES;
				COPY_PHASE_STRIP = NO;
				DEBUG_INFORMATION_FORMAT = "dwarf-with-dsym";
				ENABLE_NS_ASSERTIONS = NO;
				ENABLE_STRICT_OBJC_MSGSEND = YES;
				GCC_C_LANGUAGE_STANDARD = gnu11;
				GCC_NO_COMMON_BLOCKS = YES;
				GCC_WARN_64_TO_32_BIT_CONVERSION = YES;
				GCC_WARN_ABOUT_RETURN_TYPE = YES_ERROR;
				GCC_WARN_UNDECLARED_SELECTOR = YES;
				GCC_WARN_UNINITIALIZED_AUTOS = YES_AGGRESSIVE;
				GCC_WARN_UNUSED_FUNCTION = YES;
				GCC_WARN_UNUSED_VARIABLE = YES;
				IPHONEOS_DEPLOYMENT_TARGET = 16.2;
				MTL_ENABLE_DEBUG_INFO = NO;
				MTL_FAST_MATH = YES;
				SDKROOT = iphoneos;
				SWIFT_COMPILATION_MODE = wholemodule;
				SWIFT_OPTIMIZATION_LEVEL = "-O";
				VALIDATE_PRODUCT = YES;
			};
			name = Release;
		};
		81CF93B0298C1C2A0073B3CF /* Debug */ = {
			isa = XCBuildConfiguration;
			buildSettings = {
				ASSETCATALOG_COMPILER_APPICON_NAME = AppIcon;
				ASSETCATALOG_COMPILER_GLOBAL_ACCENT_COLOR_NAME = AccentColor;
				CODE_SIGN_STYLE = Automatic;
				CURRENT_PROJECT_VERSION = 1;
				DEVELOPMENT_TEAM = 5DM59C3H88;
				GENERATE_INFOPLIST_FILE = YES;
				INFOPLIST_FILE = "Image Markup App/Info.plist";
				INFOPLIST_KEY_UIApplicationSupportsIndirectInputEvents = YES;
				INFOPLIST_KEY_UILaunchStoryboardName = LaunchScreen;
				INFOPLIST_KEY_UIMainStoryboardFile = Main;
				INFOPLIST_KEY_UISupportedInterfaceOrientations_iPad = "UIInterfaceOrientationPortrait UIInterfaceOrientationPortraitUpsideDown UIInterfaceOrientationLandscapeLeft UIInterfaceOrientationLandscapeRight";
				INFOPLIST_KEY_UISupportedInterfaceOrientations_iPhone = "UIInterfaceOrientationPortrait UIInterfaceOrientationLandscapeLeft UIInterfaceOrientationLandscapeRight";
				LD_RUNPATH_SEARCH_PATHS = (
					"$(inherited)",
					"@executable_path/Frameworks",
				);
				MARKETING_VERSION = 1.0;
				PRODUCT_BUNDLE_IDENTIFIER = "com.m-hamzak.imagemarkup.Image-Markup-App";
				PRODUCT_NAME = "$(TARGET_NAME)";
				SWIFT_EMIT_LOC_STRINGS = YES;
				SWIFT_VERSION = 5.0;
				TARGETED_DEVICE_FAMILY = "1,2";
			};
			name = Debug;
		};
		81CF93B1298C1C2A0073B3CF /* Release */ = {
			isa = XCBuildConfiguration;
			buildSettings = {
				ASSETCATALOG_COMPILER_APPICON_NAME = AppIcon;
				ASSETCATALOG_COMPILER_GLOBAL_ACCENT_COLOR_NAME = AccentColor;
				CODE_SIGN_STYLE = Automatic;
				CURRENT_PROJECT_VERSION = 1;
				DEVELOPMENT_TEAM = 5DM59C3H88;
				GENERATE_INFOPLIST_FILE = YES;
				INFOPLIST_FILE = "Image Markup App/Info.plist";
				INFOPLIST_KEY_UIApplicationSupportsIndirectInputEvents = YES;
				INFOPLIST_KEY_UILaunchStoryboardName = LaunchScreen;
				INFOPLIST_KEY_UIMainStoryboardFile = Main;
				INFOPLIST_KEY_UISupportedInterfaceOrientations_iPad = "UIInterfaceOrientationPortrait UIInterfaceOrientationPortraitUpsideDown UIInterfaceOrientationLandscapeLeft UIInterfaceOrientationLandscapeRight";
				INFOPLIST_KEY_UISupportedInterfaceOrientations_iPhone = "UIInterfaceOrientationPortrait UIInterfaceOrientationLandscapeLeft UIInterfaceOrientationLandscapeRight";
				LD_RUNPATH_SEARCH_PATHS = (
					"$(inherited)",
					"@executable_path/Frameworks",
				);
				MARKETING_VERSION = 1.0;
				PRODUCT_BUNDLE_IDENTIFIER = "com.m-hamzak.imagemarkup.Image-Markup-App";
				PRODUCT_NAME = "$(TARGET_NAME)";
				SWIFT_EMIT_LOC_STRINGS = YES;
				SWIFT_VERSION = 5.0;
				TARGETED_DEVICE_FAMILY = "1,2";
			};
			name = Release;
		};
/* End XCBuildConfiguration section */

/* Begin XCConfigurationList section */
		81CF9396298C1C290073B3CF /* Build configuration list for PBXProject "Image Markup App" */ = {
			isa = XCConfigurationList;
			buildConfigurations = (
				81CF93AD298C1C2A0073B3CF /* Debug */,
				81CF93AE298C1C2A0073B3CF /* Release */,
			);
			defaultConfigurationIsVisible = 0;
			defaultConfigurationName = Release;
		};
		81CF93AF298C1C2A0073B3CF /* Build configuration list for PBXNativeTarget "Image Markup App" */ = {
			isa = XCConfigurationList;
			buildConfigurations = (
				81CF93B0298C1C2A0073B3CF /* Debug */,
				81CF93B1298C1C2A0073B3CF /* Release */,
			);
			defaultConfigurationIsVisible = 0;
			defaultConfigurationName = Release;
		};
/* End XCConfigurationList section */
	};
	rootObject = 81CF9393298C1C290073B3CF /* Project object */;
}
